
Microsoft Visual Studio Solution File, Format Version 12.00
# Visual Studio Version 16
VisualStudioVersion = 16.0.31410.357
MinimumVisualStudioVersion = 10.0.40219.1
Project("{9A19103F-16F7-4668-BE54-9A1E7A4F7556}") = "MistkurtAPI", "MistkurtAPI\MistkurtAPI.csproj", "{4DC6FB01-94AA-4838-ABF1-FBEE81C03F74}"
EndProject
Project("{9A19103F-16F7-4668-BE54-9A1E7A4F7556}") = "Entities", "Entities\Entities.csproj", "{6BBFCC40-B76A-4008-8735-E0540924171C}"
EndProject
Project("{9A19103F-16F7-4668-BE54-9A1E7A4F7556}") = "Contracts", "Contracts\Contracts.csproj", "{C47F8774-C084-4891-9B9A-EC4C7D0398DF}"
EndProject
Project("{9A19103F-16F7-4668-BE54-9A1E7A4F7556}") = "Repository", "Repository\Repository.csproj", "{4FCABB27-E41D-4C8D-93D9-9A5392E3841A}"
EndProject
Project("{FAE04EC0-301F-11D3-BF4B-00C04F79EFBC}") = "LoggerService", "LoggerService\LoggerService.csproj", "{9CEB88DB-1FEB-43F5-A9CD-630E3BA7F41F}"
EndProject
Global
	GlobalSection(SolutionConfigurationPlatforms) = preSolution
		Debug|Any CPU = Debug|Any CPU
		Release|Any CPU = Release|Any CPU
	EndGlobalSection
	GlobalSection(ProjectConfigurationPlatforms) = postSolution
		{4DC6FB01-94AA-4838-ABF1-FBEE81C03F74}.Debug|Any CPU.ActiveCfg = Debug|Any CPU
		{4DC6FB01-94AA-4838-ABF1-FBEE81C03F74}.Debug|Any CPU.Build.0 = Debug|Any CPU
		{4DC6FB01-94AA-4838-ABF1-FBEE81C03F74}.Release|Any CPU.ActiveCfg = Release|Any CPU
		{4DC6FB01-94AA-4838-ABF1-FBEE81C03F74}.Release|Any CPU.Build.0 = Release|Any CPU
		{6BBFCC40-B76A-4008-8735-E0540924171C}.Debug|Any CPU.ActiveCfg = Debug|Any CPU
		{6BBFCC40-B76A-4008-8735-E0540924171C}.Debug|Any CPU.Build.0 = Debug|Any CPU
		{6BBFCC40-B76A-4008-8735-E0540924171C}.Release|Any CPU.ActiveCfg = Release|Any CPU
		{6BBFCC40-B76A-4008-8735-E0540924171C}.Release|Any CPU.Build.0 = Release|Any CPU
		{C47F8774-C084-4891-9B9A-EC4C7D0398DF}.Debug|Any CPU.ActiveCfg = Debug|Any CPU
		{C47F8774-C084-4891-9B9A-EC4C7D0398DF}.Debug|Any CPU.Build.0 = Debug|Any CPU
		{C47F8774-C084-4891-9B9A-EC4C7D0398DF}.Release|Any CPU.ActiveCfg = Release|Any CPU
		{C47F8774-C084-4891-9B9A-EC4C7D0398DF}.Release|Any CPU.Build.0 = Release|Any CPU
		{4FCABB27-E41D-4C8D-93D9-9A5392E3841A}.Debug|Any CPU.ActiveCfg = Debug|Any CPU
		{4FCABB27-E41D-4C8D-93D9-9A5392E3841A}.Debug|Any CPU.Build.0 = Debug|Any CPU
		{4FCABB27-E41D-4C8D-93D9-9A5392E3841A}.Release|Any CPU.ActiveCfg = Release|Any CPU
		{4FCABB27-E41D-4C8D-93D9-9A5392E3841A}.Release|Any CPU.Build.0 = Release|Any CPU
		{9CEB88DB-1FEB-43F5-A9CD-630E3BA7F41F}.Debug|Any CPU.ActiveCfg = Debug|Any CPU
		{9CEB88DB-1FEB-43F5-A9CD-630E3BA7F41F}.Debug|Any CPU.Build.0 = Debug|Any CPU
		{9CEB88DB-1FEB-43F5-A9CD-630E3BA7F41F}.Release|Any CPU.ActiveCfg = Release|Any CPU
		{9CEB88DB-1FEB-43F5-A9CD-630E3BA7F41F}.Release|Any CPU.Build.0 = Release|Any CPU
	EndGlobalSection
	GlobalSection(SolutionProperties) = preSolution
		HideSolutionNode = FALSE
	EndGlobalSection
	GlobalSection(ExtensibilityGlobals) = postSolution
		SolutionGuid = {5CA2193A-20DC-4ACE-BE70-C36F57738459}
	EndGlobalSection
EndGlobal
